
Microsoft Visual Studio Solution File, Format Version 11.00
# Visual Studio 2010
Project("{FAE04EC0-301F-11D3-BF4B-00C04F79EFBC}") = "Cron", "Cron\Cron.csproj", "{C1DA666A-883E-4489-A452-63EF95AC1E15}"
EndProject
Project("{FAE04EC0-301F-11D3-BF4B-00C04F79EFBC}") = "Cron.Eurona", "Cron.Eurona\Cron.Eurona.csproj", "{71EFE44D-9A6B-4B12-B985-C66F2C2F8A5F}"
EndProject
Project("{FAE04EC0-301F-11D3-BF4B-00C04F79EFBC}") = "cms", "cms\cms.csproj", "{5DBFB6C9-56AF-4025-90E2-79B58EE579A2}"
EndProject
Global
	GlobalSection(SolutionConfigurationPlatforms) = preSolution
		Debug|Any CPU = Debug|Any CPU
		Release|Any CPU = Release|Any CPU
	EndGlobalSection
	GlobalSection(ProjectConfigurationPlatforms) = postSolution
		{C1DA666A-883E-4489-A452-63EF95AC1E15}.Debug|Any CPU.ActiveCfg = Debug|Any CPU
		{C1DA666A-883E-4489-A452-63EF95AC1E15}.Debug|Any CPU.Build.0 = Debug|Any CPU
		{C1DA666A-883E-4489-A452-63EF95AC1E15}.Release|Any CPU.ActiveCfg = Release|Any CPU
		{C1DA666A-883E-4489-A452-63EF95AC1E15}.Release|Any CPU.Build.0 = Release|Any CPU
		{71EFE44D-9A6B-4B12-B985-C66F2C2F8A5F}.Debug|Any CPU.ActiveCfg = Debug|Any CPU
		{71EFE44D-9A6B-4B12-B985-C66F2C2F8A5F}.Debug|Any CPU.Build.0 = Debug|Any CPU
		{71EFE44D-9A6B-4B12-B985-C66F2C2F8A5F}.Release|Any CPU.ActiveCfg = Release|Any CPU
		{71EFE44D-9A6B-4B12-B985-C66F2C2F8A5F}.Release|Any CPU.Build.0 = Release|Any CPU
		{5DBFB6C9-56AF-4025-90E2-79B58EE579A2}.Debug|Any CPU.ActiveCfg = Debug|Any CPU
		{5DBFB6C9-56AF-4025-90E2-79B58EE579A2}.Debug|Any CPU.Build.0 = Debug|Any CPU
		{5DBFB6C9-56AF-4025-90E2-79B58EE579A2}.Release|Any CPU.ActiveCfg = Release|Any CPU
		{5DBFB6C9-56AF-4025-90E2-79B58EE579A2}.Release|Any CPU.Build.0 = Release|Any CPU
	EndGlobalSection
	GlobalSection(SolutionProperties) = preSolution
		HideSolutionNode = FALSE
	EndGlobalSection
EndGlobal
